
Microsoft Visual Studio Solution File, Format Version 12.00
# Visual Studio Version 17
VisualStudioVersion = 17.5.33516.290
MinimumVisualStudioVersion = 10.0.40219.1
Project("{FAE04EC0-301F-11D3-BF4B-00C04F79EFBC}") = "InventoryManagementSystem", "InventoryManagementSystem\InventoryManagementSystem.csproj", "{6F8ABBF7-CBED-4D40-80F1-1B5BC130F5FC}"
EndProject
Global
	GlobalSection(SolutionConfigurationPlatforms) = preSolution
		Debug|Any CPU = Debug|Any CPU
		Release|Any CPU = Release|Any CPU
	EndGlobalSection
	GlobalSection(ProjectConfigurationPlatforms) = postSolution
		{6F8ABBF7-CBED-4D40-80F1-1B5BC130F5FC}.Debug|Any CPU.ActiveCfg = Debug|Any CPU
		{6F8ABBF7-CBED-4D40-80F1-1B5BC130F5FC}.Debug|Any CPU.Build.0 = Debug|Any CPU
		{6F8ABBF7-CBED-4D40-80F1-1B5BC130F5FC}.Release|Any CPU.ActiveCfg = Release|Any CPU
		{6F8ABBF7-CBED-4D40-80F1-1B5BC130F5FC}.Release|Any CPU.Build.0 = Release|Any CPU
	EndGlobalSection
	GlobalSection(SolutionProperties) = preSolution
		HideSolutionNode = FALSE
	EndGlobalSection
	GlobalSection(ExtensibilityGlobals) = postSolution
		SolutionGuid = {988EF47C-52C0-42C7-A207-211A3B0A2EEE}
	EndGlobalSection
EndGlobal
